
Microsoft Visual Studio Solution File, Format Version 12.00
# Visual Studio 15
VisualStudioVersion = 15.0.28307.421
MinimumVisualStudioVersion = 10.0.40219.1
Project("{9A19103F-16F7-4668-BE54-9A1E7A4F7556}") = "IndentityServerDemo", "IndentityServerDemo\IndentityServerDemo.csproj", "{97BE0191-5BF1-4D36-938E-E10C339E9870}"
EndProject
Project("{FAE04EC0-301F-11D3-BF4B-00C04F79EFBC}") = "mvc", "mvc\mvc.csproj", "{327A5400-DE6C-45FD-B4A1-3E832A02571F}"
EndProject
Global
	GlobalSection(SolutionConfigurationPlatforms) = preSolution
		Debug|Any CPU = Debug|Any CPU
		Release|Any CPU = Release|Any CPU
	EndGlobalSection
	GlobalSection(ProjectConfigurationPlatforms) = postSolution
		{97BE0191-5BF1-4D36-938E-E10C339E9870}.Debug|Any CPU.ActiveCfg = Debug|Any CPU
		{97BE0191-5BF1-4D36-938E-E10C339E9870}.Debug|Any CPU.Build.0 = Debug|Any CPU
		{97BE0191-5BF1-4D36-938E-E10C339E9870}.Release|Any CPU.ActiveCfg = Release|Any CPU
		{97BE0191-5BF1-4D36-938E-E10C339E9870}.Release|Any CPU.Build.0 = Release|Any CPU
		{327A5400-DE6C-45FD-B4A1-3E832A02571F}.Debug|Any CPU.ActiveCfg = Debug|Any CPU
		{327A5400-DE6C-45FD-B4A1-3E832A02571F}.Debug|Any CPU.Build.0 = Debug|Any CPU
		{327A5400-DE6C-45FD-B4A1-3E832A02571F}.Release|Any CPU.ActiveCfg = Release|Any CPU
		{327A5400-DE6C-45FD-B4A1-3E832A02571F}.Release|Any CPU.Build.0 = Release|Any CPU
	EndGlobalSection
	GlobalSection(SolutionProperties) = preSolution
		HideSolutionNode = FALSE
	EndGlobalSection
	GlobalSection(ExtensibilityGlobals) = postSolution
		SolutionGuid = {6138C40D-F007-4429-9869-103CCD92D52A}
	EndGlobalSection
EndGlobal
